
Microsoft Visual Studio Solution File, Format Version 12.00
# Visual Studio Version 16
VisualStudioVersion = 16.0.29613.14
MinimumVisualStudioVersion = 10.0.40219.1
Project("{FAE04EC0-301F-11D3-BF4B-00C04F79EFBC}") = "EmployeeManagement", "EmployeeManagement\EmployeeManagement.csproj", "{7594E035-9922-443B-ACD3-488E23F5BD94}"
EndProject
Global
	GlobalSection(SolutionConfigurationPlatforms) = preSolution
		Debug|Any CPU = Debug|Any CPU
		Release|Any CPU = Release|Any CPU
	EndGlobalSection
	GlobalSection(ProjectConfigurationPlatforms) = postSolution
		{7594E035-9922-443B-ACD3-488E23F5BD94}.Debug|Any CPU.ActiveCfg = Debug|Any CPU
		{7594E035-9922-443B-ACD3-488E23F5BD94}.Debug|Any CPU.Build.0 = Debug|Any CPU
		{7594E035-9922-443B-ACD3-488E23F5BD94}.Release|Any CPU.ActiveCfg = Release|Any CPU
		{7594E035-9922-443B-ACD3-488E23F5BD94}.Release|Any CPU.Build.0 = Release|Any CPU
	EndGlobalSection
	GlobalSection(SolutionProperties) = preSolution
		HideSolutionNode = FALSE
	EndGlobalSection
	GlobalSection(ExtensibilityGlobals) = postSolution
		SolutionGuid = {4C8C6FFC-A582-4526-B886-1095C2AF69E0}
	EndGlobalSection
EndGlobal
